hash: 338b3aa6c9cb1b01c8551532ff93c589515599cdab01be1c0c5b0ac3b56ffe2d
updated: 2017-08-31T03:24:40.721846846-04:00
imports:
- name: github.com/inconshreveable/mousetrap
  version: 76626ae9c91c4f2a10f34cad8ce83ea42c93bb75
- name: github.com/andrewlunde/common
  version: 8562c8bbca83e4dbf08ab3a8d969f76dd9a3db34
- name: github.com/spf13/cobra
  version: 4a7b7e65864c064d48dce82efbbfed2bdc0bf2aa
- name: github.com/spf13/pflag
  version: e57e3eeb33f795204c1ca35f56c44f83227c6e66
testImports: []
